// !$*UTF8*$!
{
	archiveVersion = 1;
	classes = {
	};
	objectVersion = 46;
	objects = {

/* Begin PBXBuildFile section */
		A50EE82D1EE15C7D002BA63F /* DrawingViewConvertor.swift in Sources */ = {isa = PBXBuildFile; fileRef = A50EE82C1EE15C7D002BA63F /* DrawingViewConvertor.swift */; };
		A50EE82F1EE15DCC002BA63F /* UIImageResize.swift in Sources */ = {isa = PBXBuildFile; fileRef = A50EE82E1EE15DCC002BA63F /* UIImageResize.swift */; };
		A50EE8311EE160FC002BA63F /* UIImagePixels.swift in Sources */ = {isa = PBXBuildFile; fileRef = A50EE8301EE160FC002BA63F /* UIImagePixels.swift */; };
		A533EF4D1EE157F100746729 /* AppDelegate.swift in Sources */ = {isa = PBXBuildFile; fileRef = A533EF4C1EE157F100746729 /* AppDelegate.swift */; };
		A533EF4F1EE157F100746729 /* ViewController.swift in Sources */ = {isa = PBXBuildFile; fileRef = A533EF4E1EE157F100746729 /* ViewController.swift */; };
		A533EF521EE157F100746729 /* Main.storyboard in Resources */ = {isa = PBXBuildFile; fileRef = A533EF501EE157F100746729 /* Main.storyboard */; };
		A533EF541EE157F100746729 /* Assets.xcassets in Resources */ = {isa = PBXBuildFile; fileRef = A533EF531EE157F100746729 /* Assets.xcassets */; };
		A533EF571EE157F100746729 /* LaunchScreen.storyboard in Resources */ = {isa = PBXBuildFile; fileRef = A533EF551EE157F100746729 /* LaunchScreen.storyboard */; };
		A533EF5F1EE158CA00746729 /* DrawingView.swift in Sources */ = {isa = PBXBuildFile; fileRef = A533EF5E1EE158CA00746729 /* DrawingView.swift */; };
/* End PBXBuildFile section */

/* Begin PBXFileReference section */
		A50EE82C1EE15C7D002BA63F /* DrawingViewConvertor.swift */ = {isa = PBXFileReference; fileEncoding = 4; lastKnownFileType = sourcecode.swift; path = DrawingViewConvertor.swift; sourceTree = "<group>"; };
		A50EE82E1EE15DCC002BA63F /* UIImageResize.swift */ = {isa = PBXFileReference; fileEncoding = 4; lastKnownFileType = sourcecode.swift; path = UIImageResize.swift; sourceTree = "<group>"; };
		A50EE8301EE160FC002BA63F /* UIImagePixels.swift */ = {isa = PBXFileReference; fileEncoding = 4; lastKnownFileType = sourcecode.swift; path = UIImagePixels.swift; sourceTree = "<group>"; };
		A533EF491EE157F100746729 /* draw-recognition.app */ = {isa = PBXFileReference; explicitFileType = wrapper.application; includeInIndex = 0; path = "draw-recognition.app"; sourceTree = BUILT_PRODUCTS_DIR; };
		A533EF4C1EE157F100746729 /* AppDelegate.swift */ = {isa = PBXFileReference; lastKnownFileType = sourcecode.swift; path = AppDelegate.swift; sourceTree = "<group>"; };
		A533EF4E1EE157F100746729 /* ViewController.swift */ = {isa = PBXFileReference; lastKnownFileType = sourcecode.swift; path = ViewController.swift; sourceTree = "<group>"; };
		A533EF511EE157F100746729 /* Base */ = {isa = PBXFileReference; lastKnownFileType = file.storyboard; name = Base; path = Base.lproj/Main.storyboard; sourceTree = "<group>"; };
		A533EF531EE157F100746729 /* Assets.xcassets */ = {isa = PBXFileReference; lastKnownFileType = folder.assetcatalog; path = Assets.xcassets; sourceTree = "<group>"; };
		A533EF561EE157F100746729 /* Base */ = {isa = PBXFileReference; lastKnownFileType = file.storyboard; name = Base; path = Base.lproj/LaunchScreen.storyboard; sourceTree = "<group>"; };
		A533EF581EE157F100746729 /* Info.plist */ = {isa = PBXFileReference; lastKnownFileType = text.plist.xml; path = Info.plist; sourceTree = "<group>"; };
		A533EF5E1EE158CA00746729 /* DrawingView.swift */ = {isa = PBXFileReference; fileEncoding = 4; lastKnownFileType = sourcecode.swift; path = DrawingView.swift; sourceTree = "<group>"; };
/* End PBXFileReference section */

/* Begin PBXFrameworksBuildPhase section */
		A533EF461EE157F100746729 /* Frameworks */ = {
			isa = PBXFrameworksBuildPhase;
			buildActionMask = 2147483647;
			files = (
			);
			runOnlyForDeploymentPostprocessing = 0;
		};
/* End PBXFrameworksBuildPhase section */

/* Begin PBXGroup section */
		A533EF401EE157F100746729 = {
			isa = PBXGroup;
			children = (
				A533EF4B1EE157F100746729 /* draw-recognition */,
				A533EF4A1EE157F100746729 /* Products */,
			);
			sourceTree = "<group>";
		};
		A533EF4A1EE157F100746729 /* Products */ = {
			isa = PBXGroup;
			children = (
				A533EF491EE157F100746729 /* draw-recognition.app */,
			);
			name = Products;
			sourceTree = "<group>";
		};
		A533EF4B1EE157F100746729 /* draw-recognition */ = {
			isa = PBXGroup;
			children = (
				A533EF4C1EE157F100746729 /* AppDelegate.swift */,
				A533EF4E1EE157F100746729 /* ViewController.swift */,
				A533EF5E1EE158CA00746729 /* DrawingView.swift */,
				A50EE82C1EE15C7D002BA63F /* DrawingViewConvertor.swift */,
				A50EE82E1EE15DCC002BA63F /* UIImageResize.swift */,
				A50EE8301EE160FC002BA63F /* UIImagePixels.swift */,
				A533EF501EE157F100746729 /* Main.storyboard */,
				A533EF531EE157F100746729 /* Assets.xcassets */,
				A533EF551EE157F100746729 /* LaunchScreen.storyboard */,
				A533EF581EE157F100746729 /* Info.plist */,
			);
			path = "draw-recognition";
			sourceTree = "<group>";
		};
/* End PBXGroup section */

/* Begin PBXNativeTarget section */
		A533EF481EE157F100746729 /* draw-recognition */ = {
			isa = PBXNativeTarget;
			buildConfigurationList = A533EF5B1EE157F100746729 /* Build configuration list for PBXNativeTarget "draw-recognition" */;
			buildPhases = (
				A533EF451EE157F100746729 /* Sources */,
				A533EF461EE157F100746729 /* Frameworks */,
				A533EF471EE157F100746729 /* Resources */,
			);
			buildRules = (
			);
			dependencies = (
			);
			name = "draw-recognition";
			productName = "draw-recognition";
			productReference = A533EF491EE157F100746729 /* draw-recognition.app */;
			productType = "com.apple.product-type.application";
		};
/* End PBXNativeTarget section */

/* Begin PBXProject section */
		A533EF411EE157F100746729 /* Project object */ = {
			isa = PBXProject;
			attributes = {
				LastSwiftUpdateCheck = 0820;
				LastUpgradeCheck = 0820;
				ORGANIZATIONNAME = "Rémi Robert";
				TargetAttributes = {
					A533EF481EE157F100746729 = {
						CreatedOnToolsVersion = 8.2.1;
						DevelopmentTeam = ZKR9TYV2D6;
						ProvisioningStyle = Automatic;
					};
				};
			};
			buildConfigurationList = A533EF441EE157F100746729 /* Build configuration list for PBXProject "draw-recognition" */;
			compatibilityVersion = "Xcode 3.2";
			developmentRegion = English;
			hasScannedForEncodings = 0;
			knownRegions = (
				en,
				Base,
			);
			mainGroup = A533EF401EE157F100746729;
			productRefGroup = A533EF4A1EE157F100746729 /* Products */;
			projectDirPath = "";
			projectRoot = "";
			targets = (
				A533EF481EE157F100746729 /* draw-recognition */,
			);
		};
/* End PBXProject section */

/* Begin PBXResourcesBuildPhase section */
		A533EF471EE157F100746729 /* Resources */ = {
			isa = PBXResourcesBuildPhase;
			buildActionMask = 2147483647;
			files = (
				A533EF571EE157F100746729 /* LaunchScreen.storyboard in Resources */,
				A533EF541EE157F100746729 /* Assets.xcassets in Resources */,
				A533EF521EE157F100746729 /* Main.storyboard in Resources */,
			);
			runOnlyForDeploymentPostprocessing = 0;
		};
/* End PBXResourcesBuildPhase section */

/* Begin PBXSourcesBuildPhase section */
		A533EF451EE157F100746729 /* Sources */ = {
			isa = PBXSourcesBuildPhase;
			buildActionMask = 2147483647;
			files = (
				A50EE8311EE160FC002BA63F /* UIImagePixels.swift in Sources */,
				A533EF5F1EE158CA00746729 /* DrawingView.swift in Sources */,
				A533EF4F1EE157F100746729 /* ViewController.swift in Sources */,
				A50EE82D1EE15C7D002BA63F /* DrawingViewConvertor.swift in Sources */,
				A50EE82F1EE15DCC002BA63F /* UIImageResize.swift in Sources */,
				A533EF4D1EE157F100746729 /* AppDelegate.swift in Sources */,
			);
			runOnlyForDeploymentPostprocessing = 0;
		};
/* End PBXSourcesBuildPhase section */

/* Begin PBXVariantGroup section */
		A533EF501EE157F100746729 /* Main.storyboard */ = {
			isa = PBXVariantGroup;
			children = (
				A533EF511EE157F100746729 /* Base */,
			);
			name = Main.storyboard;
			sourceTree = "<group>";
		};
		A533EF551EE157F100746729 /* LaunchScreen.storyboard */ = {
			isa = PBXVariantGroup;
			children = (
				A533EF561EE157F100746729 /* Base */,
			);
			name = LaunchScreen.storyboard;
			sourceTree = "<group>";
		};
/* End PBXVariantGroup section */

/* Begin XCBuildConfiguration section */
		A533EF591EE157F100746729 /* Debug */ = {
			isa = XCBuildConfiguration;
			buildSettings = {
				ALWAYS_SEARCH_USER_PATHS = NO;
				CLANG_ANALYZER_NONNULL = YES;
				CLANG_CXX_LANGUAGE_STANDARD = "gnu++0x";
				CLANG_CXX_LIBRARY = "libc++";
				CLANG_ENABLE_MODULES = YES;
				CLANG_ENABLE_OBJC_ARC = YES;
				CLANG_WARN_BOOL_CONVERSION = YES;
				CLANG_WARN_CONSTANT_CONVERSION = YES;
				CLANG_WARN_DIRECT_OBJC_ISA_USAGE = YES_ERROR;
				CLANG_WARN_DOCUMENTATION_COMMENTS = YES;
				CLANG_WARN_EMPTY_BODY = YES;
				CLANG_WARN_ENUM_CONVERSION = YES;
				CLANG_WARN_INFINITE_RECURSION = YES;
				CLANG_WARN_INT_CONVERSION = YES;
				CLANG_WARN_OBJC_ROOT_CLASS = YES_ERROR;
				CLANG_WARN_SUSPICIOUS_MOVE = YES;
				CLANG_WARN_UNREACHABLE_CODE = YES;
				CLANG_WARN__DUPLICATE_METHOD_MATCH = YES;
				"CODE_SIGN_IDENTITY[sdk=iphoneos*]" = "iPhone Developer";
				COPY_PHASE_STRIP = NO;
				DEBUG_INFORMATION_FORMAT = dwarf;
				ENABLE_STRICT_OBJC_MSGSEND = YES;
				ENABLE_TESTABILITY = YES;
				GCC_C_LANGUAGE_STANDARD = gnu99;
				GCC_DYNAMIC_NO_PIC = NO;
				GCC_NO_COMMON_BLOCKS = YES;
				GCC_OPTIMIZATION_LEVEL = 0;
				GCC_PREPROCESSOR_DEFINITIONS = (
					"DEBUG=1",
					"$(inherited)",
				);
				GCC_WARN_64_TO_32_BIT_CONVERSION = YES;
				GCC_WARN_ABOUT_RETURN_TYPE = YES_ERROR;
				GCC_WARN_UNDECLARED_SELECTOR = YES;
				GCC_WARN_UNINITIALIZED_AUTOS = YES_AGGRESSIVE;
				GCC_WARN_UNUSED_FUNCTION = YES;
				GCC_WARN_UNUSED_VARIABLE = YES;
				IPHONEOS_DEPLOYMENT_TARGET = 10.2;
				MTL_ENABLE_DEBUG_INFO = YES;
				ONLY_ACTIVE_ARCH = YES;
				SDKROOT = iphoneos;
				SWIFT_ACTIVE_COMPILATION_CONDITIONS = DEBUG;
				SWIFT_OPTIMIZATION_LEVEL = "-Onone";
				TARGETED_DEVICE_FAMILY = "1,2";
			};
			name = Debug;
		};
		A533EF5A1EE157F100746729 /* Release */ = {
			isa = XCBuildConfiguration;
			buildSettings = {
				ALWAYS_SEARCH_USER_PATHS = NO;
				CLANG_ANALYZER_NONNULL = YES;
				CLANG_CXX_LANGUAGE_STANDARD = "gnu++0x";
				CLANG_CXX_LIBRARY = "libc++";
				CLANG_ENABLE_MODULES = YES;
				CLANG_ENABLE_OBJC_ARC = YES;
				CLANG_WARN_BOOL_CONVERSION = YES;
				CLANG_WARN_CONSTANT_CONVERSION = YES;
				CLANG_WARN_DIRECT_OBJC_ISA_USAGE = YES_ERROR;
				CLANG_WARN_DOCUMENTATION_COMMENTS = YES;
				CLANG_WARN_EMPTY_BODY = YES;
				CLANG_WARN_ENUM_CONVERSION = YES;
				CLANG_WARN_INFINITE_RECURSION = YES;
				CLANG_WARN_INT_CONVERSION = YES;
				CLANG_WARN_OBJC_ROOT_CLASS = YES_ERROR;
				CLANG_WARN_SUSPICIOUS_MOVE = YES;
				CLANG_WARN_UNREACHABLE_CODE = YES;
				CLANG_WARN__DUPLICATE_METHOD_MATCH = YES;
				"CODE_SIGN_IDENTITY[sdk=iphoneos*]" = "iPhone Developer";
				COPY_PHASE_STRIP = NO;
				DEBUG_INFORMATION_FORMAT = "dwarf-with-dsym";
				ENABLE_NS_ASSERTIONS = NO;
				ENABLE_STRICT_OBJC_MSGSEND = YES;
				GCC_C_LANGUAGE_STANDARD = gnu99;
				GCC_NO_COMMON_BLOCKS = YES;
				GCC_WARN_64_TO_32_BIT_CONVERSION = YES;
				GCC_WARN_ABOUT_RETURN_TYPE = YES_ERROR;
				GCC_WARN_UNDECLARED_SELECTOR = YES;
				GCC_WARN_UNINITIALIZED_AUTOS = YES_AGGRESSIVE;
				GCC_WARN_UNUSED_FUNCTION = YES;
				GCC_WARN_UNUSED_VARIABLE = YES;
				IPHONEOS_DEPLOYMENT_TARGET = 10.2;
				MTL_ENABLE_DEBUG_INFO = NO;
				SDKROOT = iphoneos;
				SWIFT_OPTIMIZATION_LEVEL = "-Owholemodule";
				TARGETED_DEVICE_FAMILY = "1,2";
				VALIDATE_PRODUCT = YES;
			};
			name = Release;
		};
		A533EF5C1EE157F100746729 /* Debug */ = {
			isa = XCBuildConfiguration;
			buildSettings = {
				ASSETCATALOG_COMPILER_APPICON_NAME = AppIcon;
				DEVELOPMENT_TEAM = ZKR9TYV2D6;
				INFOPLIST_FILE = "draw-recognition/Info.plist";
				LD_RUNPATH_SEARCH_PATHS = "$(inherited) @executable_path/Frameworks";
				PRODUCT_BUNDLE_IDENTIFIER = "com.remirobert.bluetooth.draw-recognition";
				PRODUCT_NAME = "$(TARGET_NAME)";
				SWIFT_VERSION = 3.0;
			};
			name = Debug;
		};
		A533EF5D1EE157F100746729 /* Release */ = {
			isa = XCBuildConfiguration;
			buildSettings = {
				ASSETCATALOG_COMPILER_APPICON_NAME = AppIcon;
				DEVELOPMENT_TEAM = ZKR9TYV2D6;
				INFOPLIST_FILE = "draw-recognition/Info.plist";
				LD_RUNPATH_SEARCH_PATHS = "$(inherited) @executable_path/Frameworks";
				PRODUCT_BUNDLE_IDENTIFIER = "com.remirobert.bluetooth.draw-recognition";
				PRODUCT_NAME = "$(TARGET_NAME)";
				SWIFT_VERSION = 3.0;
			};
			name = Release;
		};
/* End XCBuildConfiguration section */

/* Begin XCConfigurationList section */
		A533EF441EE157F100746729 /* Build configuration list for PBXProject "draw-recognition" */ = {
			isa = XCConfigurationList;
			buildConfigurations = (
				A533EF591EE157F100746729 /* Debug */,
				A533EF5A1EE157F100746729 /* Release */,
			);
			defaultConfigurationIsVisible = 0;
			defaultConfigurationName = Release;
		};
		A533EF5B1EE157F100746729 /* Build configuration list for PBXNativeTarget "draw-recognition" */ = {
			isa = XCConfigurationList;
			buildConfigurations = (
				A533EF5C1EE157F100746729 /* Debug */,
				A533EF5D1EE157F100746729 /* Release */,
			);
			defaultConfigurationIsVisible = 0;
			defaultConfigurationName = Release;
		};
/* End XCConfigurationList section */
	};
	rootObject = A533EF411EE157F100746729 /* Project object */;
}
